
Microsoft Visual Studio Solution File, Format Version 12.00
# Visual Studio Version 16
VisualStudioVersion = 16.0.31112.23
MinimumVisualStudioVersion = 10.0.40219.1
Project("{FAE04EC0-301F-11D3-BF4B-00C04F79EFBC}") = "Ex01_01", "Ex01_01\Ex01_01.csproj", "{3661091C-1923-4F55-9088-BF948424A784}"
EndProject
Project("{FAE04EC0-301F-11D3-BF4B-00C04F79EFBC}") = "Ex01_04", "Ex01_04\Ex01_04.csproj", "{96E64EA5-E802-4245-8955-865B3A2A25FF}"
EndProject
Global
	GlobalSection(SolutionConfigurationPlatforms) = preSolution
		Debug|Any CPU = Debug|Any CPU
		Release|Any CPU = Release|Any CPU
	EndGlobalSection
	GlobalSection(ProjectConfigurationPlatforms) = postSolution
		{3661091C-1923-4F55-9088-BF948424A784}.Debug|Any CPU.ActiveCfg = Debug|Any CPU
		{3661091C-1923-4F55-9088-BF948424A784}.Debug|Any CPU.Build.0 = Debug|Any CPU
		{3661091C-1923-4F55-9088-BF948424A784}.Release|Any CPU.ActiveCfg = Release|Any CPU
		{3661091C-1923-4F55-9088-BF948424A784}.Release|Any CPU.Build.0 = Release|Any CPU
		{96E64EA5-E802-4245-8955-865B3A2A25FF}.Debug|Any CPU.ActiveCfg = Debug|Any CPU
		{96E64EA5-E802-4245-8955-865B3A2A25FF}.Debug|Any CPU.Build.0 = Debug|Any CPU
		{96E64EA5-E802-4245-8955-865B3A2A25FF}.Release|Any CPU.ActiveCfg = Release|Any CPU
		{96E64EA5-E802-4245-8955-865B3A2A25FF}.Release|Any CPU.Build.0 = Release|Any CPU
	EndGlobalSection
	GlobalSection(SolutionProperties) = preSolution
		HideSolutionNode = FALSE
	EndGlobalSection
	GlobalSection(ExtensibilityGlobals) = postSolution
		SolutionGuid = {28D9BC51-7C41-4153-977A-E8EFF28D0D2A}
	EndGlobalSection
EndGlobal
